
Microsoft Visual Studio Solution File, Format Version 12.00
# Visual Studio 15
VisualStudioVersion = 15.0.27428.2011
MinimumVisualStudioVersion = 10.0.40219.1
Project("{FAE04EC0-301F-11D3-BF4B-00C04F79EFBC}") = "WpfBackgroundApp", "WpfBackgroundApp\WpfBackgroundApp.csproj", "{01D1C0C1-7BC4-47C0-8AE6-D6A1A78CCAA3}"
EndProject
Global
	GlobalSection(SolutionConfigurationPlatforms) = preSolution
		Debug|Any CPU = Debug|Any CPU
		Release|Any CPU = Release|Any CPU
	EndGlobalSection
	GlobalSection(ProjectConfigurationPlatforms) = postSolution
		{01D1C0C1-7BC4-47C0-8AE6-D6A1A78CCAA3}.Debug|Any CPU.ActiveCfg = Debug|Any CPU
		{01D1C0C1-7BC4-47C0-8AE6-D6A1A78CCAA3}.Debug|Any CPU.Build.0 = Debug|Any CPU
		{01D1C0C1-7BC4-47C0-8AE6-D6A1A78CCAA3}.Release|Any CPU.ActiveCfg = Release|Any CPU
		{01D1C0C1-7BC4-47C0-8AE6-D6A1A78CCAA3}.Release|Any CPU.Build.0 = Release|Any CPU
	EndGlobalSection
	GlobalSection(SolutionProperties) = preSolution
		HideSolutionNode = FALSE
	EndGlobalSection
	GlobalSection(ExtensibilityGlobals) = postSolution
		SolutionGuid = {6ECDA66F-B77E-4EBC-92A5-E20948FF2D66}
	EndGlobalSection
EndGlobal
