
Microsoft Visual Studio Solution File, Format Version 12.00
# Visual Studio 15
VisualStudioVersion = 15.0.27428.2011
MinimumVisualStudioVersion = 10.0.40219.1
Project("{FAE04EC0-301F-11D3-BF4B-00C04F79EFBC}") = "WpfImageApp", "WpfImageApp\WpfImageApp.csproj", "{2C3B6024-6604-494B-9148-3FA0D745C832}"
EndProject
Global
	GlobalSection(SolutionConfigurationPlatforms) = preSolution
		Debug|Any CPU = Debug|Any CPU
		Release|Any CPU = Release|Any CPU
	EndGlobalSection
	GlobalSection(ProjectConfigurationPlatforms) = postSolution
		{2C3B6024-6604-494B-9148-3FA0D745C832}.Debug|Any CPU.ActiveCfg = Debug|Any CPU
		{2C3B6024-6604-494B-9148-3FA0D745C832}.Debug|Any CPU.Build.0 = Debug|Any CPU
		{2C3B6024-6604-494B-9148-3FA0D745C832}.Release|Any CPU.ActiveCfg = Release|Any CPU
		{2C3B6024-6604-494B-9148-3FA0D745C832}.Release|Any CPU.Build.0 = Release|Any CPU
	EndGlobalSection
	GlobalSection(SolutionProperties) = preSolution
		HideSolutionNode = FALSE
	EndGlobalSection
	GlobalSection(ExtensibilityGlobals) = postSolution
		SolutionGuid = {D8251198-7805-4C2C-BFA9-951B707AADFE}
	EndGlobalSection
EndGlobal
